// !$*UTF8*$!
{
	archiveVersion = 1;
	classes = {
	};
	objectVersion = 48;
	objects = {

/* Begin PBXBuildFile section */
		00A345D2206818F600EF2BC9 /* AppDelegate.swift in Sources */ = {isa = PBXBuildFile; fileRef = 00A345D1206818F600EF2BC9 /* AppDelegate.swift */; };
		00A345D4206818F600EF2BC9 /* ViewController.swift in Sources */ = {isa = PBXBuildFile; fileRef = 00A345D3206818F600EF2BC9 /* ViewController.swift */; };
		00A345D7206818F600EF2BC9 /* Main.storyboard in Resources */ = {isa = PBXBuildFile; fileRef = 00A345D5206818F600EF2BC9 /* Main.storyboard */; };
		00A345D9206818F600EF2BC9 /* Assets.xcassets in Resources */ = {isa = PBXBuildFile; fileRef = 00A345D8206818F600EF2BC9 /* Assets.xcassets */; };
		00A345DC206818F600EF2BC9 /* LaunchScreen.storyboard in Resources */ = {isa = PBXBuildFile; fileRef = 00A345DA206818F600EF2BC9 /* LaunchScreen.storyboard */; };
		00A345E7206818F600EF2BC9 /* ScanDocsTests.swift in Sources */ = {isa = PBXBuildFile; fileRef = 00A345E6206818F600EF2BC9 /* ScanDocsTests.swift */; };
		00A345F2206818F600EF2BC9 /* ScanDocsUITests.swift in Sources */ = {isa = PBXBuildFile; fileRef = 00A345F1206818F600EF2BC9 /* ScanDocsUITests.swift */; };
		00A34600206820B200EF2BC9 /* README.md in Resources */ = {isa = PBXBuildFile; fileRef = 00A345FF206820B200EF2BC9 /* README.md */; };
		00A346012068CF5900EF2BC9 /* TesseractOCR.framework in Frameworks */ = {isa = PBXBuildFile; fileRef = 00A346022068CF5900EF2BC9 /* TesseractOCR.framework */; };
		00A34604206CC63000EF2BC9 /* tessdata in Resources */ = {isa = PBXBuildFile; fileRef = 00A34603206CC63000EF2BC9 /* tessdata */; };
		629490645027FCBDA5E8FEE8 /* Pods_ScanDocsUITests.framework in Frameworks */ = {isa = PBXBuildFile; fileRef = CE00803B5268B13D37D65336 /* Pods_ScanDocsUITests.framework */; };
		7A7E28D2B21BAC9ACD34A8E6 /* Pods_ScanDocs.framework in Frameworks */ = {isa = PBXBuildFile; fileRef = CA84B4F5DBF44C92B1FE6785 /* Pods_ScanDocs.framework */; };
		E030DF0BB5EE4C251D84FFC0 /* Pods_ScanDocsTests.framework in Frameworks */ = {isa = PBXBuildFile; fileRef = A72611E656B33EBC51F61D49 /* Pods_ScanDocsTests.framework */; };
/* End PBXBuildFile section */

/* Begin PBXContainerItemProxy section */
		00A345E3206818F600EF2BC9 /* PBXContainerItemProxy */ = {
			isa = PBXContainerItemProxy;
			containerPortal = 00A345C6206818F600EF2BC9 /* Project object */;
			proxyType = 1;
			remoteGlobalIDString = 00A345CD206818F600EF2BC9;
			remoteInfo = ScanDocs;
		};
		00A345EE206818F600EF2BC9 /* PBXContainerItemProxy */ = {
			isa = PBXContainerItemProxy;
			containerPortal = 00A345C6206818F600EF2BC9 /* Project object */;
			proxyType = 1;
			remoteGlobalIDString = 00A345CD206818F600EF2BC9;
			remoteInfo = ScanDocs;
		};
/* End PBXContainerItemProxy section */

/* Begin PBXFileReference section */
		00A345CE206818F600EF2BC9 /* ScanDocs.app */ = {isa = PBXFileReference; explicitFileType = wrapper.application; includeInIndex = 0; path = ScanDocs.app; sourceTree = BUILT_PRODUCTS_DIR; };
		00A345D1206818F600EF2BC9 /* AppDelegate.swift */ = {isa = PBXFileReference; lastKnownFileType = sourcecode.swift; path = AppDelegate.swift; sourceTree = "<group>"; };
		00A345D3206818F600EF2BC9 /* ViewController.swift */ = {isa = PBXFileReference; lastKnownFileType = sourcecode.swift; path = ViewController.swift; sourceTree = "<group>"; };
		00A345D6206818F600EF2BC9 /* Base */ = {isa = PBXFileReference; lastKnownFileType = file.storyboard; name = Base; path = Base.lproj/Main.storyboard; sourceTree = "<group>"; };
		00A345D8206818F600EF2BC9 /* Assets.xcassets */ = {isa = PBXFileReference; lastKnownFileType = folder.assetcatalog; path = Assets.xcassets; sourceTree = "<group>"; };
		00A345DB206818F600EF2BC9 /* Base */ = {isa = PBXFileReference; lastKnownFileType = file.storyboard; name = Base; path = Base.lproj/LaunchScreen.storyboard; sourceTree = "<group>"; };
		00A345DD206818F600EF2BC9 /* Info.plist */ = {isa = PBXFileReference; lastKnownFileType = text.plist.xml; path = Info.plist; sourceTree = "<group>"; };
		00A345E2206818F600EF2BC9 /* ScanDocsTests.xctest */ = {isa = PBXFileReference; explicitFileType = wrapper.cfbundle; includeInIndex = 0; path = ScanDocsTests.xctest; sourceTree = BUILT_PRODUCTS_DIR; };
		00A345E6206818F600EF2BC9 /* ScanDocsTests.swift */ = {isa = PBXFileReference; lastKnownFileType = sourcecode.swift; path = ScanDocsTests.swift; sourceTree = "<group>"; };
		00A345E8206818F600EF2BC9 /* Info.plist */ = {isa = PBXFileReference; lastKnownFileType = text.plist.xml; path = Info.plist; sourceTree = "<group>"; };
		00A345ED206818F600EF2BC9 /* ScanDocsUITests.xctest */ = {isa = PBXFileReference; explicitFileType = wrapper.cfbundle; includeInIndex = 0; path = ScanDocsUITests.xctest; sourceTree = BUILT_PRODUCTS_DIR; };
		00A345F1206818F600EF2BC9 /* ScanDocsUITests.swift */ = {isa = PBXFileReference; lastKnownFileType = sourcecode.swift; path = ScanDocsUITests.swift; sourceTree = "<group>"; };
		00A345F3206818F600EF2BC9 /* Info.plist */ = {isa = PBXFileReference; lastKnownFileType = text.plist.xml; path = Info.plist; sourceTree = "<group>"; };
		00A345FF206820B200EF2BC9 /* README.md */ = {isa = PBXFileReference; lastKnownFileType = net.daringfireball.markdown; path = README.md; sourceTree = "<group>"; };
		00A346022068CF5900EF2BC9 /* TesseractOCR.framework */ = {isa = PBXFileReference; explicitFileType = wrapper.framework; path = TesseractOCR.framework; sourceTree = BUILT_PRODUCTS_DIR; };
		00A34603206CC63000EF2BC9 /* tessdata */ = {isa = PBXFileReference; lastKnownFileType = folder; name = tessdata; path = ScanDocs/tessdata; sourceTree = "<group>"; };
		0F79705E00CACE0CE3091E04 /* Pods-ScanDocsUITests.debug.xcconfig */ = {isa = PBXFileReference; includeInIndex = 1; lastKnownFileType = text.xcconfig; name = "Pods-ScanDocsUITests.debug.xcconfig"; path = "Pods/Target Support Files/Pods-ScanDocsUITests/Pods-ScanDocsUITests.debug.xcconfig"; sourceTree = "<group>"; };
		4E9CAB713B264A9155747114 /* Pods-ScanDocsTests.release.xcconfig */ = {isa = PBXFileReference; includeInIndex = 1; lastKnownFileType = text.xcconfig; name = "Pods-ScanDocsTests.release.xcconfig"; path = "Pods/Target Support Files/Pods-ScanDocsTests/Pods-ScanDocsTests.release.xcconfig"; sourceTree = "<group>"; };
		953A6CAE4A3574F85C949011 /* Pods-ScanDocsTests.debug.xcconfig */ = {isa = PBXFileReference; includeInIndex = 1; lastKnownFileType = text.xcconfig; name = "Pods-ScanDocsTests.debug.xcconfig"; path = "Pods/Target Support Files/Pods-ScanDocsTests/Pods-ScanDocsTests.debug.xcconfig"; sourceTree = "<group>"; };
		A0AD588985731496D286C7F9 /* Pods-ScanDocs.debug.xcconfig */ = {isa = PBXFileReference; includeInIndex = 1; lastKnownFileType = text.xcconfig; name = "Pods-ScanDocs.debug.xcconfig"; path = "Pods/Target Support Files/Pods-ScanDocs/Pods-ScanDocs.debug.xcconfig"; sourceTree = "<group>"; };
		A72611E656B33EBC51F61D49 /* Pods_ScanDocsTests.framework */ = {isa = PBXFileReference; explicitFileType = wrapper.framework; includeInIndex = 0; path = Pods_ScanDocsTests.framework; sourceTree = BUILT_PRODUCTS_DIR; };
		C4D0D8F583F4A26E1EDEA05A /* Pods-ScanDocs.release.xcconfig */ = {isa = PBXFileReference; includeInIndex = 1; lastKnownFileType = text.xcconfig; name = "Pods-ScanDocs.release.xcconfig"; path = "Pods/Target Support Files/Pods-ScanDocs/Pods-ScanDocs.release.xcconfig"; sourceTree = "<group>"; };
		CA84B4F5DBF44C92B1FE6785 /* Pods_ScanDocs.framework */ = {isa = PBXFileReference; explicitFileType = wrapper.framework; includeInIndex = 0; path = Pods_ScanDocs.framework; sourceTree = BUILT_PRODUCTS_DIR; };
		CE00803B5268B13D37D65336 /* Pods_ScanDocsUITests.framework */ = {isa = PBXFileReference; explicitFileType = wrapper.framework; includeInIndex = 0; path = Pods_ScanDocsUITests.framework; sourceTree = BUILT_PRODUCTS_DIR; };
		E2B53FADDC520D0EA16D40C4 /* Pods-ScanDocsUITests.release.xcconfig */ = {isa = PBXFileReference; includeInIndex = 1; lastKnownFileType = text.xcconfig; name = "Pods-ScanDocsUITests.release.xcconfig"; path = "Pods/Target Support Files/Pods-ScanDocsUITests/Pods-ScanDocsUITests.release.xcconfig"; sourceTree = "<group>"; };
/* End PBXFileReference section */

/* Begin PBXFrameworksBuildPhase section */
		00A345CB206818F600EF2BC9 /* Frameworks */ = {
			isa = PBXFrameworksBuildPhase;
			buildActionMask = 2147483647;
			files = (
				00A346012068CF5900EF2BC9 /* TesseractOCR.framework in Frameworks */,
				7A7E28D2B21BAC9ACD34A8E6 /* Pods_ScanDocs.framework in Frameworks */,
			);
			runOnlyForDeploymentPostprocessing = 0;
		};
		00A345DF206818F600EF2BC9 /* Frameworks */ = {
			isa = PBXFrameworksBuildPhase;
			buildActionMask = 2147483647;
			files = (
				E030DF0BB5EE4C251D84FFC0 /* Pods_ScanDocsTests.framework in Frameworks */,
			);
			runOnlyForDeploymentPostprocessing = 0;
		};
		00A345EA206818F600EF2BC9 /* Frameworks */ = {
			isa = PBXFrameworksBuildPhase;
			buildActionMask = 2147483647;
			files = (
				629490645027FCBDA5E8FEE8 /* Pods_ScanDocsUITests.framework in Frameworks */,
			);
			runOnlyForDeploymentPostprocessing = 0;
		};
/* End PBXFrameworksBuildPhase section */

/* Begin PBXGroup section */
		00A345C5206818F600EF2BC9 = {
			isa = PBXGroup;
			children = (
				00A345FF206820B200EF2BC9 /* README.md */,
				00A345D0206818F600EF2BC9 /* ScanDocs */,
				00A34603206CC63000EF2BC9 /* tessdata */,
				00A345E5206818F600EF2BC9 /* ScanDocsTests */,
				00A345F0206818F600EF2BC9 /* ScanDocsUITests */,
				00A345CF206818F600EF2BC9 /* Products */,
				2E3922444EB7ACA5155C61CE /* Pods */,
				8DF7920BE33224BF6580B2B4 /* Frameworks */,
			);
			sourceTree = "<group>";
		};
		00A345CF206818F600EF2BC9 /* Products */ = {
			isa = PBXGroup;
			children = (
				00A345CE206818F600EF2BC9 /* ScanDocs.app */,
				00A345E2206818F600EF2BC9 /* ScanDocsTests.xctest */,
				00A345ED206818F600EF2BC9 /* ScanDocsUITests.xctest */,
			);
			name = Products;
			sourceTree = "<group>";
		};
		00A345D0206818F600EF2BC9 /* ScanDocs */ = {
			isa = PBXGroup;
			children = (
				00A345D1206818F600EF2BC9 /* AppDelegate.swift */,
				00A345D3206818F600EF2BC9 /* ViewController.swift */,
				00A345D5206818F600EF2BC9 /* Main.storyboard */,
				00A345D8206818F600EF2BC9 /* Assets.xcassets */,
				00A345DA206818F600EF2BC9 /* LaunchScreen.storyboard */,
				00A345DD206818F600EF2BC9 /* Info.plist */,
			);
			path = ScanDocs;
			sourceTree = "<group>";
		};
		00A345E5206818F600EF2BC9 /* ScanDocsTests */ = {
			isa = PBXGroup;
			children = (
				00A345E6206818F600EF2BC9 /* ScanDocsTests.swift */,
				00A345E8206818F600EF2BC9 /* Info.plist */,
			);
			path = ScanDocsTests;
			sourceTree = "<group>";
		};
		00A345F0206818F600EF2BC9 /* ScanDocsUITests */ = {
			isa = PBXGroup;
			children = (
				00A345F1206818F600EF2BC9 /* ScanDocsUITests.swift */,
				00A345F3206818F600EF2BC9 /* Info.plist */,
			);
			path = ScanDocsUITests;
			sourceTree = "<group>";
		};
		2E3922444EB7ACA5155C61CE /* Pods */ = {
			isa = PBXGroup;
			children = (
				A0AD588985731496D286C7F9 /* Pods-ScanDocs.debug.xcconfig */,
				C4D0D8F583F4A26E1EDEA05A /* Pods-ScanDocs.release.xcconfig */,
				953A6CAE4A3574F85C949011 /* Pods-ScanDocsTests.debug.xcconfig */,
				4E9CAB713B264A9155747114 /* Pods-ScanDocsTests.release.xcconfig */,
				0F79705E00CACE0CE3091E04 /* Pods-ScanDocsUITests.debug.xcconfig */,
				E2B53FADDC520D0EA16D40C4 /* Pods-ScanDocsUITests.release.xcconfig */,
			);
			name = Pods;
			sourceTree = "<group>";
		};
		8DF7920BE33224BF6580B2B4 /* Frameworks */ = {
			isa = PBXGroup;
			children = (
				00A346022068CF5900EF2BC9 /* TesseractOCR.framework */,
				CA84B4F5DBF44C92B1FE6785 /* Pods_ScanDocs.framework */,
				A72611E656B33EBC51F61D49 /* Pods_ScanDocsTests.framework */,
				CE00803B5268B13D37D65336 /* Pods_ScanDocsUITests.framework */,
			);
			name = Frameworks;
			sourceTree = "<group>";
		};
/* End PBXGroup section */

/* Begin PBXNativeTarget section */
		00A345CD206818F600EF2BC9 /* ScanDocs */ = {
			isa = PBXNativeTarget;
			buildConfigurationList = 00A345F6206818F600EF2BC9 /* Build configuration list for PBXNativeTarget "ScanDocs" */;
			buildPhases = (
				51705ADF78BFFAC201066359 /* [CP] Check Pods Manifest.lock */,
				00A345CA206818F600EF2BC9 /* Sources */,
				00A345CB206818F600EF2BC9 /* Frameworks */,
				00A345CC206818F600EF2BC9 /* Resources */,
				CC4F62D10FA67AEBB16269A9 /* [CP] Embed Pods Frameworks */,
				3C355069059B6926DDDCF28D /* [CP] Copy Pods Resources */,
			);
			buildRules = (
			);
			dependencies = (
			);
			name = ScanDocs;
			productName = ScanDocs;
			productReference = 00A345CE206818F600EF2BC9 /* ScanDocs.app */;
			productType = "com.apple.product-type.application";
		};
		00A345E1206818F600EF2BC9 /* ScanDocsTests */ = {
			isa = PBXNativeTarget;
			buildConfigurationList = 00A345F9206818F600EF2BC9 /* Build configuration list for PBXNativeTarget "ScanDocsTests" */;
			buildPhases = (
				67350C96F8D8162575D0DFCC /* [CP] Check Pods Manifest.lock */,
				00A345DE206818F600EF2BC9 /* Sources */,
				00A345DF206818F600EF2BC9 /* Frameworks */,
				00A345E0206818F600EF2BC9 /* Resources */,
				FF4149A23FEBB27580CC5213 /* [CP] Embed Pods Frameworks */,
				F55A3D8C4DF98809DB64FBA1 /* [CP] Copy Pods Resources */,
			);
			buildRules = (
			);
			dependencies = (
				00A345E4206818F600EF2BC9 /* PBXTargetDependency */,
			);
			name = ScanDocsTests;
			productName = ScanDocsTests;
			productReference = 00A345E2206818F600EF2BC9 /* ScanDocsTests.xctest */;
			productType = "com.apple.product-type.bundle.unit-test";
		};
		00A345EC206818F600EF2BC9 /* ScanDocsUITests */ = {
			isa = PBXNativeTarget;
			buildConfigurationList = 00A345FC206818F600EF2BC9 /* Build configuration list for PBXNativeTarget "ScanDocsUITests" */;
			buildPhases = (
				C88BD126AF14A1A94931627A /* [CP] Check Pods Manifest.lock */,
				00A345E9206818F600EF2BC9 /* Sources */,
				00A345EA206818F600EF2BC9 /* Frameworks */,
				00A345EB206818F600EF2BC9 /* Resources */,
				EB66215CB68EB7413C93D0DF /* [CP] Embed Pods Frameworks */,
				A5D1EFB13536D424175DA44F /* [CP] Copy Pods Resources */,
			);
			buildRules = (
			);
			dependencies = (
				00A345EF206818F600EF2BC9 /* PBXTargetDependency */,
			);
			name = ScanDocsUITests;
			productName = ScanDocsUITests;
			productReference = 00A345ED206818F600EF2BC9 /* ScanDocsUITests.xctest */;
			productType = "com.apple.product-type.bundle.ui-testing";
		};
/* End PBXNativeTarget section */

/* Begin PBXProject section */
		00A345C6206818F600EF2BC9 /* Project object */ = {
			isa = PBXProject;
			attributes = {
				LastSwiftUpdateCheck = 0920;
				LastUpgradeCheck = 0920;
				ORGANIZATIONNAME = consios;
				TargetAttributes = {
					00A345CD206818F600EF2BC9 = {
						CreatedOnToolsVersion = 9.2;
						ProvisioningStyle = Automatic;
					};
					00A345E1206818F600EF2BC9 = {
						CreatedOnToolsVersion = 9.2;
						ProvisioningStyle = Automatic;
						TestTargetID = 00A345CD206818F600EF2BC9;
					};
					00A345EC206818F600EF2BC9 = {
						CreatedOnToolsVersion = 9.2;
						ProvisioningStyle = Automatic;
						TestTargetID = 00A345CD206818F600EF2BC9;
					};
				};
			};
			buildConfigurationList = 00A345C9206818F600EF2BC9 /* Build configuration list for PBXProject "ScanDocs" */;
			compatibilityVersion = "Xcode 8.0";
			developmentRegion = en;
			hasScannedForEncodings = 0;
			knownRegions = (
				en,
				Base,
			);
			mainGroup = 00A345C5206818F600EF2BC9;
			productRefGroup = 00A345CF206818F600EF2BC9 /* Products */;
			projectDirPath = "";
			projectRoot = "";
			targets = (
				00A345CD206818F600EF2BC9 /* ScanDocs */,
				00A345E1206818F600EF2BC9 /* ScanDocsTests */,
				00A345EC206818F600EF2BC9 /* ScanDocsUITests */,
			);
		};
/* End PBXProject section */

/* Begin PBXResourcesBuildPhase section */
		00A345CC206818F600EF2BC9 /* Resources */ = {
			isa = PBXResourcesBuildPhase;
			buildActionMask = 2147483647;
			files = (
				00A345DC206818F600EF2BC9 /* LaunchScreen.storyboard in Resources */,
				00A345D9206818F600EF2BC9 /* Assets.xcassets in Resources */,
				00A34604206CC63000EF2BC9 /* tessdata in Resources */,
				00A34600206820B200EF2BC9 /* README.md in Resources */,
				00A345D7206818F600EF2BC9 /* Main.storyboard in Resources */,
			);
			runOnlyForDeploymentPostprocessing = 0;
		};
		00A345E0206818F600EF2BC9 /* Resources */ = {
			isa = PBXResourcesBuildPhase;
			buildActionMask = 2147483647;
			files = (
			);
			runOnlyForDeploymentPostprocessing = 0;
		};
		00A345EB206818F600EF2BC9 /* Resources */ = {
			isa = PBXResourcesBuildPhase;
			buildActionMask = 2147483647;
			files = (
			);
			runOnlyForDeploymentPostprocessing = 0;
		};
/* End PBXResourcesBuildPhase section */

/* Begin PBXShellScriptBuildPhase section */
		3C355069059B6926DDDCF28D /* [CP] Copy Pods Resources */ = {
			isa = PBXShellScriptBuildPhase;
			buildActionMask = 2147483647;
			files = (
			);
			inputPaths = (
			);
			name = "[CP] Copy Pods Resources";
			outputPaths = (
			);
			runOnlyForDeploymentPostprocessing = 0;
			shellPath = /bin/sh;
			shellScript = "\"${SRCROOT}/Pods/Target Support Files/Pods-ScanDocs/Pods-ScanDocs-resources.sh\"\n";
			showEnvVarsInLog = 0;
		};
		51705ADF78BFFAC201066359 /* [CP] Check Pods Manifest.lock */ = {
			isa = PBXShellScriptBuildPhase;
			buildActionMask = 2147483647;
			files = (
			);
			inputPaths = (
				"${PODS_PODFILE_DIR_PATH}/Podfile.lock",
				"${PODS_ROOT}/Manifest.lock",
			);
			name = "[CP] Check Pods Manifest.lock";
			outputPaths = (
				"$(DERIVED_FILE_DIR)/Pods-ScanDocs-checkManifestLockResult.txt",
			);
			runOnlyForDeploymentPostprocessing = 0;
			shellPath = /bin/sh;
			shellScript = "diff \"${PODS_PODFILE_DIR_PATH}/Podfile.lock\" \"${PODS_ROOT}/Manifest.lock\" > /dev/null\nif [ $? != 0 ] ; then\n    # print error to STDERR\n    echo \"error: The sandbox is not in sync with the Podfile.lock. Run 'pod install' or update your CocoaPods installation.\" >&2\n    exit 1\nfi\n# This output is used by Xcode 'outputs' to avoid re-running this script phase.\necho \"SUCCESS\" > \"${SCRIPT_OUTPUT_FILE_0}\"\n";
			showEnvVarsInLog = 0;
		};
		67350C96F8D8162575D0DFCC /* [CP] Check Pods Manifest.lock */ = {
			isa = PBXShellScriptBuildPhase;
			buildActionMask = 2147483647;
			files = (
			);
			inputPaths = (
				"${PODS_PODFILE_DIR_PATH}/Podfile.lock",
				"${PODS_ROOT}/Manifest.lock",
			);
			name = "[CP] Check Pods Manifest.lock";
			outputPaths = (
				"$(DERIVED_FILE_DIR)/Pods-ScanDocsTests-checkManifestLockResult.txt",
			);
			runOnlyForDeploymentPostprocessing = 0;
			shellPath = /bin/sh;
			shellScript = "diff \"${PODS_PODFILE_DIR_PATH}/Podfile.lock\" \"${PODS_ROOT}/Manifest.lock\" > /dev/null\nif [ $? != 0 ] ; then\n    # print error to STDERR\n    echo \"error: The sandbox is not in sync with the Podfile.lock. Run 'pod install' or update your CocoaPods installation.\" >&2\n    exit 1\nfi\n# This output is used by Xcode 'outputs' to avoid re-running this script phase.\necho \"SUCCESS\" > \"${SCRIPT_OUTPUT_FILE_0}\"\n";
			showEnvVarsInLog = 0;
		};
		A5D1EFB13536D424175DA44F /* [CP] Copy Pods Resources */ = {
			isa = PBXShellScriptBuildPhase;
			buildActionMask = 2147483647;
			files = (
			);
			inputPaths = (
			);
			name = "[CP] Copy Pods Resources";
			outputPaths = (
			);
			runOnlyForDeploymentPostprocessing = 0;
			shellPath = /bin/sh;
			shellScript = "\"${SRCROOT}/Pods/Target Support Files/Pods-ScanDocsUITests/Pods-ScanDocsUITests-resources.sh\"\n";
			showEnvVarsInLog = 0;
		};
		C88BD126AF14A1A94931627A /* [CP] Check Pods Manifest.lock */ = {
			isa = PBXShellScriptBuildPhase;
			buildActionMask = 2147483647;
			files = (
			);
			inputPaths = (
				"${PODS_PODFILE_DIR_PATH}/Podfile.lock",
				"${PODS_ROOT}/Manifest.lock",
			);
			name = "[CP] Check Pods Manifest.lock";
			outputPaths = (
				"$(DERIVED_FILE_DIR)/Pods-ScanDocsUITests-checkManifestLockResult.txt",
			);
			runOnlyForDeploymentPostprocessing = 0;
			shellPath = /bin/sh;
			shellScript = "diff \"${PODS_PODFILE_DIR_PATH}/Podfile.lock\" \"${PODS_ROOT}/Manifest.lock\" > /dev/null\nif [ $? != 0 ] ; then\n    # print error to STDERR\n    echo \"error: The sandbox is not in sync with the Podfile.lock. Run 'pod install' or update your CocoaPods installation.\" >&2\n    exit 1\nfi\n# This output is used by Xcode 'outputs' to avoid re-running this script phase.\necho \"SUCCESS\" > \"${SCRIPT_OUTPUT_FILE_0}\"\n";
			showEnvVarsInLog = 0;
		};
		CC4F62D10FA67AEBB16269A9 /* [CP] Embed Pods Frameworks */ = {
			isa = PBXShellScriptBuildPhase;
			buildActionMask = 2147483647;
			files = (
			);
			inputPaths = (
				"${SRCROOT}/Pods/Target Support Files/Pods-ScanDocs/Pods-ScanDocs-frameworks.sh",
				"${BUILT_PRODUCTS_DIR}/TesseractOCRiOS/TesseractOCR.framework",
			);
			name = "[CP] Embed Pods Frameworks";
			outputPaths = (
				"${TARGET_BUILD_DIR}/${FRAMEWORKS_FOLDER_PATH}/TesseractOCR.framework",
			);
			runOnlyForDeploymentPostprocessing = 0;
			shellPath = /bin/sh;
			shellScript = "\"${SRCROOT}/Pods/Target Support Files/Pods-ScanDocs/Pods-ScanDocs-frameworks.sh\"\n";
			showEnvVarsInLog = 0;
		};
		EB66215CB68EB7413C93D0DF /* [CP] Embed Pods Frameworks */ = {
			isa = PBXShellScriptBuildPhase;
			buildActionMask = 2147483647;
			files = (
			);
			inputPaths = (
			);
			name = "[CP] Embed Pods Frameworks";
			outputPaths = (
			);
			runOnlyForDeploymentPostprocessing = 0;
			shellPath = /bin/sh;
			shellScript = "\"${SRCROOT}/Pods/Target Support Files/Pods-ScanDocsUITests/Pods-ScanDocsUITests-frameworks.sh\"\n";
			showEnvVarsInLog = 0;
		};
		F55A3D8C4DF98809DB64FBA1 /* [CP] Copy Pods Resources */ = {
			isa = PBXShellScriptBuildPhase;
			buildActionMask = 2147483647;
			files = (
			);
			inputPaths = (
			);
			name = "[CP] Copy Pods Resources";
			outputPaths = (
			);
			runOnlyForDeploymentPostprocessing = 0;
			shellPath = /bin/sh;
			shellScript = "\"${SRCROOT}/Pods/Target Support Files/Pods-ScanDocsTests/Pods-ScanDocsTests-resources.sh\"\n";
			showEnvVarsInLog = 0;
		};
		FF4149A23FEBB27580CC5213 /* [CP] Embed Pods Frameworks */ = {
			isa = PBXShellScriptBuildPhase;
			buildActionMask = 2147483647;
			files = (
			);
			inputPaths = (
			);
			name = "[CP] Embed Pods Frameworks";
			outputPaths = (
			);
			runOnlyForDeploymentPostprocessing = 0;
			shellPath = /bin/sh;
			shellScript = "\"${SRCROOT}/Pods/Target Support Files/Pods-ScanDocsTests/Pods-ScanDocsTests-frameworks.sh\"\n";
			showEnvVarsInLog = 0;
		};
/* End PBXShellScriptBuildPhase section */

/* Begin PBXSourcesBuildPhase section */
		00A345CA206818F600EF2BC9 /* Sources */ = {
			isa = PBXSourcesBuildPhase;
			buildActionMask = 2147483647;
			files = (
				00A345D4206818F600EF2BC9 /* ViewController.swift in Sources */,
				00A345D2206818F600EF2BC9 /* AppDelegate.swift in Sources */,
			);
			runOnlyForDeploymentPostprocessing = 0;
		};
		00A345DE206818F600EF2BC9 /* Sources */ = {
			isa = PBXSourcesBuildPhase;
			buildActionMask = 2147483647;
			files = (
				00A345E7206818F600EF2BC9 /* ScanDocsTests.swift in Sources */,
			);
			runOnlyForDeploymentPostprocessing = 0;
		};
		00A345E9206818F600EF2BC9 /* Sources */ = {
			isa = PBXSourcesBuildPhase;
			buildActionMask = 2147483647;
			files = (
				00A345F2206818F600EF2BC9 /* ScanDocsUITests.swift in Sources */,
			);
			runOnlyForDeploymentPostprocessing = 0;
		};
/* End PBXSourcesBuildPhase section */

/* Begin PBXTargetDependency section */
		00A345E4206818F600EF2BC9 /* PBXTargetDependency */ = {
			isa = PBXTargetDependency;
			target = 00A345CD206818F600EF2BC9 /* ScanDocs */;
			targetProxy = 00A345E3206818F600EF2BC9 /* PBXContainerItemProxy */;
		};
		00A345EF206818F600EF2BC9 /* PBXTargetDependency */ = {
			isa = PBXTargetDependency;
			target = 00A345CD206818F600EF2BC9 /* ScanDocs */;
			targetProxy = 00A345EE206818F600EF2BC9 /* PBXContainerItemProxy */;
		};
/* End PBXTargetDependency section */

/* Begin PBXVariantGroup section */
		00A345D5206818F600EF2BC9 /* Main.storyboard */ = {
			isa = PBXVariantGroup;
			children = (
				00A345D6206818F600EF2BC9 /* Base */,
			);
			name = Main.storyboard;
			sourceTree = "<group>";
		};
		00A345DA206818F600EF2BC9 /* LaunchScreen.storyboard */ = {
			isa = PBXVariantGroup;
			children = (
				00A345DB206818F600EF2BC9 /* Base */,
			);
			name = LaunchScreen.storyboard;
			sourceTree = "<group>";
		};
/* End PBXVariantGroup section */

/* Begin XCBuildConfiguration section */
		00A345F4206818F600EF2BC9 /* Debug */ = {
			isa = XCBuildConfiguration;
			buildSettings = {
				ALWAYS_SEARCH_USER_PATHS = NO;
				CLANG_ANALYZER_NONNULL = YES;
				CLANG_ANALYZER_NUMBER_OBJECT_CONVERSION = YES_AGGRESSIVE;
				CLANG_CXX_LANGUAGE_STANDARD = "gnu++14";
				CLANG_CXX_LIBRARY = "libc++";
				CLANG_ENABLE_MODULES = YES;
				CLANG_ENABLE_OBJC_ARC = YES;
				CLANG_WARN_BLOCK_CAPTURE_AUTORELEASING = YES;
				CLANG_WARN_BOOL_CONVERSION = YES;
				CLANG_WARN_COMMA = YES;
				CLANG_WARN_CONSTANT_CONVERSION = YES;
				CLANG_WARN_DIRECT_OBJC_ISA_USAGE = YES_ERROR;
				CLANG_WARN_DOCUMENTATION_COMMENTS = YES;
				CLANG_WARN_EMPTY_BODY = YES;
				CLANG_WARN_ENUM_CONVERSION = YES;
				CLANG_WARN_INFINITE_RECURSION = YES;
				CLANG_WARN_INT_CONVERSION = YES;
				CLANG_WARN_NON_LITERAL_NULL_CONVERSION = YES;
				CLANG_WARN_OBJC_LITERAL_CONVERSION = YES;
				CLANG_WARN_OBJC_ROOT_CLASS = YES_ERROR;
				CLANG_WARN_RANGE_LOOP_ANALYSIS = YES;
				CLANG_WARN_STRICT_PROTOTYPES = YES;
				CLANG_WARN_SUSPICIOUS_MOVE = YES;
				CLANG_WARN_UNGUARDED_AVAILABILITY = YES_AGGRESSIVE;
				CLANG_WARN_UNREACHABLE_CODE = YES;
				CLANG_WARN__DUPLICATE_METHOD_MATCH = YES;
				CODE_SIGN_IDENTITY = "iPhone Developer";
				COPY_PHASE_STRIP = NO;
				DEBUG_INFORMATION_FORMAT = dwarf;
				ENABLE_STRICT_OBJC_MSGSEND = YES;
				ENABLE_TESTABILITY = YES;
				GCC_C_LANGUAGE_STANDARD = gnu11;
				GCC_DYNAMIC_NO_PIC = NO;
				GCC_NO_COMMON_BLOCKS = YES;
				GCC_OPTIMIZATION_LEVEL = 0;
				GCC_PREPROCESSOR_DEFINITIONS = (
					"DEBUG=1",
					"$(inherited)",
				);
				GCC_WARN_64_TO_32_BIT_CONVERSION = YES;
				GCC_WARN_ABOUT_RETURN_TYPE = YES_ERROR;
				GCC_WARN_UNDECLARED_SELECTOR = YES;
				GCC_WARN_UNINITIALIZED_AUTOS = YES_AGGRESSIVE;
				GCC_WARN_UNUSED_FUNCTION = YES;
				GCC_WARN_UNUSED_VARIABLE = YES;
				IPHONEOS_DEPLOYMENT_TARGET = 11.2;
				MTL_ENABLE_DEBUG_INFO = YES;
				ONLY_ACTIVE_ARCH = YES;
				SDKROOT = iphoneos;
				SWIFT_ACTIVE_COMPILATION_CONDITIONS = DEBUG;
				SWIFT_OPTIMIZATION_LEVEL = "-Onone";
			};
			name = Debug;
		};
		00A345F5206818F600EF2BC9 /* Release */ = {
			isa = XCBuildConfiguration;
			buildSettings = {
				ALWAYS_SEARCH_USER_PATHS = NO;
				CLANG_ANALYZER_NONNULL = YES;
				CLANG_ANALYZER_NUMBER_OBJECT_CONVERSION = YES_AGGRESSIVE;
				CLANG_CXX_LANGUAGE_STANDARD = "gnu++14";
				CLANG_CXX_LIBRARY = "libc++";
				CLANG_ENABLE_MODULES = YES;
				CLANG_ENABLE_OBJC_ARC = YES;
				CLANG_WARN_BLOCK_CAPTURE_AUTORELEASING = YES;
				CLANG_WARN_BOOL_CONVERSION = YES;
				CLANG_WARN_COMMA = YES;
				CLANG_WARN_CONSTANT_CONVERSION = YES;
				CLANG_WARN_DIRECT_OBJC_ISA_USAGE = YES_ERROR;
				CLANG_WARN_DOCUMENTATION_COMMENTS = YES;
				CLANG_WARN_EMPTY_BODY = YES;
				CLANG_WARN_ENUM_CONVERSION = YES;
				CLANG_WARN_INFINITE_RECURSION = YES;
				CLANG_WARN_INT_CONVERSION = YES;
				CLANG_WARN_NON_LITERAL_NULL_CONVERSION = YES;
				CLANG_WARN_OBJC_LITERAL_CONVERSION = YES;
				CLANG_WARN_OBJC_ROOT_CLASS = YES_ERROR;
				CLANG_WARN_RANGE_LOOP_ANALYSIS = YES;
				CLANG_WARN_STRICT_PROTOTYPES = YES;
				CLANG_WARN_SUSPICIOUS_MOVE = YES;
				CLANG_WARN_UNGUARDED_AVAILABILITY = YES_AGGRESSIVE;
				CLANG_WARN_UNREACHABLE_CODE = YES;
				CLANG_WARN__DUPLICATE_METHOD_MATCH = YES;
				CODE_SIGN_IDENTITY = "iPhone Developer";
				COPY_PHASE_STRIP = NO;
				DEBUG_INFORMATION_FORMAT = "dwarf-with-dsym";
				ENABLE_NS_ASSERTIONS = NO;
				ENABLE_STRICT_OBJC_MSGSEND = YES;
				GCC_C_LANGUAGE_STANDARD = gnu11;
				GCC_NO_COMMON_BLOCKS = YES;
				GCC_WARN_64_TO_32_BIT_CONVERSION = YES;
				GCC_WARN_ABOUT_RETURN_TYPE = YES_ERROR;
				GCC_WARN_UNDECLARED_SELECTOR = YES;
				GCC_WARN_UNINITIALIZED_AUTOS = YES_AGGRESSIVE;
				GCC_WARN_UNUSED_FUNCTION = YES;
				GCC_WARN_UNUSED_VARIABLE = YES;
				IPHONEOS_DEPLOYMENT_TARGET = 11.2;
				MTL_ENABLE_DEBUG_INFO = NO;
				SDKROOT = iphoneos;
				SWIFT_OPTIMIZATION_LEVEL = "-Owholemodule";
				VALIDATE_PRODUCT = YES;
			};
			name = Release;
		};
		00A345F7206818F600EF2BC9 /* Debug */ = {
			isa = XCBuildConfiguration;
			baseConfigurationReference = A0AD588985731496D286C7F9 /* Pods-ScanDocs.debug.xcconfig */;
			buildSettings = {
				ASSETCATALOG_COMPILER_APPICON_NAME = AppIcon;
				CODE_SIGN_STYLE = Automatic;
				DEVELOPMENT_TEAM = 39E2FVXES9;
				ENABLE_BITCODE = NO;
				INFOPLIST_FILE = ScanDocs/Info.plist;
				LD_RUNPATH_SEARCH_PATHS = "$(inherited) @executable_path/Frameworks";
				PRODUCT_BUNDLE_IDENTIFIER = com.consios.ScanDocs;
				PRODUCT_NAME = "$(TARGET_NAME)";
				SWIFT_VERSION = 4.0;
				TARGETED_DEVICE_FAMILY = "1,2";
			};
			name = Debug;
		};
		00A345F8206818F600EF2BC9 /* Release */ = {
			isa = XCBuildConfiguration;
			baseConfigurationReference = C4D0D8F583F4A26E1EDEA05A /* Pods-ScanDocs.release.xcconfig */;
			buildSettings = {
				ASSETCATALOG_COMPILER_APPICON_NAME = AppIcon;
				CODE_SIGN_STYLE = Automatic;
				DEVELOPMENT_TEAM = 39E2FVXES9;
				ENABLE_BITCODE = NO;
				INFOPLIST_FILE = ScanDocs/Info.plist;
				LD_RUNPATH_SEARCH_PATHS = "$(inherited) @executable_path/Frameworks";
				PRODUCT_BUNDLE_IDENTIFIER = com.consios.ScanDocs;
				PRODUCT_NAME = "$(TARGET_NAME)";
				SWIFT_VERSION = 4.0;
				TARGETED_DEVICE_FAMILY = "1,2";
			};
			name = Release;
		};
		00A345FA206818F600EF2BC9 /* Debug */ = {
			isa = XCBuildConfiguration;
			baseConfigurationReference = 953A6CAE4A3574F85C949011 /* Pods-ScanDocsTests.debug.xcconfig */;
			buildSettings = {
				ALWAYS_EMBED_SWIFT_STANDARD_LIBRARIES = YES;
				BUNDLE_LOADER = "$(TEST_HOST)";
				CODE_SIGN_STYLE = Automatic;
				DEVELOPMENT_TEAM = 39E2FVXES9;
				INFOPLIST_FILE = ScanDocsTests/Info.plist;
				LD_RUNPATH_SEARCH_PATHS = "$(inherited) @executable_path/Frameworks @loader_path/Frameworks";
				PRODUCT_BUNDLE_IDENTIFIER = com.consios.ScanDocsTests;
				PRODUCT_NAME = "$(TARGET_NAME)";
				SWIFT_VERSION = 4.0;
				TARGETED_DEVICE_FAMILY = "1,2";
				TEST_HOST = "$(BUILT_PRODUCTS_DIR)/ScanDocs.app/ScanDocs";
			};
			name = Debug;
		};
		00A345FB206818F600EF2BC9 /* Release */ = {
			isa = XCBuildConfiguration;
			baseConfigurationReference = 4E9CAB713B264A9155747114 /* Pods-ScanDocsTests.release.xcconfig */;
			buildSettings = {
				ALWAYS_EMBED_SWIFT_STANDARD_LIBRARIES = YES;
				BUNDLE_LOADER = "$(TEST_HOST)";
				CODE_SIGN_STYLE = Automatic;
				DEVELOPMENT_TEAM = 39E2FVXES9;
				INFOPLIST_FILE = ScanDocsTests/Info.plist;
				LD_RUNPATH_SEARCH_PATHS = "$(inherited) @executable_path/Frameworks @loader_path/Frameworks";
				PRODUCT_BUNDLE_IDENTIFIER = com.consios.ScanDocsTests;
				PRODUCT_NAME = "$(TARGET_NAME)";
				SWIFT_VERSION = 4.0;
				TARGETED_DEVICE_FAMILY = "1,2";
				TEST_HOST = "$(BUILT_PRODUCTS_DIR)/ScanDocs.app/ScanDocs";
			};
			name = Release;
		};
		00A345FD206818F600EF2BC9 /* Debug */ = {
			isa = XCBuildConfiguration;
			baseConfigurationReference = 0F79705E00CACE0CE3091E04 /* Pods-ScanDocsUITests.debug.xcconfig */;
			buildSettings = {
				ALWAYS_EMBED_SWIFT_STANDARD_LIBRARIES = YES;
				CODE_SIGN_STYLE = Automatic;
				DEVELOPMENT_TEAM = 39E2FVXES9;
				INFOPLIST_FILE = ScanDocsUITests/Info.plist;
				LD_RUNPATH_SEARCH_PATHS = "$(inherited) @executable_path/Frameworks @loader_path/Frameworks";
				PRODUCT_BUNDLE_IDENTIFIER = com.consios.ScanDocsUITests;
				PRODUCT_NAME = "$(TARGET_NAME)";
				SWIFT_VERSION = 4.0;
				TARGETED_DEVICE_FAMILY = "1,2";
				TEST_TARGET_NAME = ScanDocs;
			};
			name = Debug;
		};
		00A345FE206818F600EF2BC9 /* Release */ = {
			isa = XCBuildConfiguration;
			baseConfigurationReference = E2B53FADDC520D0EA16D40C4 /* Pods-ScanDocsUITests.release.xcconfig */;
			buildSettings = {
				ALWAYS_EMBED_SWIFT_STANDARD_LIBRARIES = YES;
				CODE_SIGN_STYLE = Automatic;
				DEVELOPMENT_TEAM = 39E2FVXES9;
				INFOPLIST_FILE = ScanDocsUITests/Info.plist;
				LD_RUNPATH_SEARCH_PATHS = "$(inherited) @executable_path/Frameworks @loader_path/Frameworks";
				PRODUCT_BUNDLE_IDENTIFIER = com.consios.ScanDocsUITests;
				PRODUCT_NAME = "$(TARGET_NAME)";
				SWIFT_VERSION = 4.0;
				TARGETED_DEVICE_FAMILY = "1,2";
				TEST_TARGET_NAME = ScanDocs;
			};
			name = Release;
		};
/* End XCBuildConfiguration section */

/* Begin XCConfigurationList section */
		00A345C9206818F600EF2BC9 /* Build configuration list for PBXProject "ScanDocs" */ = {
			isa = XCConfigurationList;
			buildConfigurations = (
				00A345F4206818F600EF2BC9 /* Debug */,
				00A345F5206818F600EF2BC9 /* Release */,
			);
			defaultConfigurationIsVisible = 0;
			defaultConfigurationName = Release;
		};
		00A345F6206818F600EF2BC9 /* Build configuration list for PBXNativeTarget "ScanDocs" */ = {
			isa = XCConfigurationList;
			buildConfigurations = (
				00A345F7206818F600EF2BC9 /* Debug */,
				00A345F8206818F600EF2BC9 /* Release */,
			);
			defaultConfigurationIsVisible = 0;
			defaultConfigurationName = Release;
		};
		00A345F9206818F600EF2BC9 /* Build configuration list for PBXNativeTarget "ScanDocsTests" */ = {
			isa = XCConfigurationList;
			buildConfigurations = (
				00A345FA206818F600EF2BC9 /* Debug */,
				00A345FB206818F600EF2BC9 /* Release */,
			);
			defaultConfigurationIsVisible = 0;
			defaultConfigurationName = Release;
		};
		00A345FC206818F600EF2BC9 /* Build configuration list for PBXNativeTarget "ScanDocsUITests" */ = {
			isa = XCConfigurationList;
			buildConfigurations = (
				00A345FD206818F600EF2BC9 /* Debug */,
				00A345FE206818F600EF2BC9 /* Release */,
			);
			defaultConfigurationIsVisible = 0;
			defaultConfigurationName = Release;
		};
/* End XCConfigurationList section */
	};
	rootObject = 00A345C6206818F600EF2BC9 /* Project object */;
}
